
Microsoft Visual Studio Solution File, Format Version 12.00
# Visual Studio Version 17
VisualStudioVersion = 17.0.31903.59
MinimumVisualStudioVersion = 10.0.40219.1
Project("{9A19103F-16F7-4668-BE54-9A1E7A4F7556}") = "Api.IBPR.Website.WebAPI", "Api.IBPR.Website.WebAPI\Api.IBPR.Website.WebAPI.csproj", "{60A823A9-F9DE-4EA4-8FFD-968540508925}"
EndProject
Project("{9A19103F-16F7-4668-BE54-9A1E7A4F7556}") = "Api.IBPR.Website.Domain", "Api.IBPR.Website.Domain\Api.IBPR.Website.Domain.csproj", "{0E8D8CCD-5E3F-475D-86A1-E9CBC3D2DEE8}"
EndProject
Project("{9A19103F-16F7-4668-BE54-9A1E7A4F7556}") = "Api.IBPR.Website.Application", "Api.IBPR.Website.Application\Api.IBPR.Website.Application.csproj", "{59892B12-011E-47D5-A90D-F3A441CE2A4F}"
EndProject
Project("{9A19103F-16F7-4668-BE54-9A1E7A4F7556}") = "Api.IBPR.Website.Persistence", "Api.IBPR.Website.Persistence\Api.IBPR.Website.Persistence.csproj", "{D5841DB2-2CF4-43E9-AE87-E0399A314EFF}"
EndProject
Project("{9A19103F-16F7-4668-BE54-9A1E7A4F7556}") = "Api.IBPR.Website.Test", "Api.IBPR.Website.Test\Api.IBPR.Website.Test.csproj", "{07D3D0B8-DCB3-4E72-8643-D0C2DA666115}"
EndProject
Global
	GlobalSection(SolutionConfigurationPlatforms) = preSolution
		Debug|Any CPU = Debug|Any CPU
		Release|Any CPU = Release|Any CPU
	EndGlobalSection
	GlobalSection(ProjectConfigurationPlatforms) = postSolution
		{60A823A9-F9DE-4EA4-8FFD-968540508925}.Debug|Any CPU.ActiveCfg = Debug|Any CPU
		{60A823A9-F9DE-4EA4-8FFD-968540508925}.Debug|Any CPU.Build.0 = Debug|Any CPU
		{60A823A9-F9DE-4EA4-8FFD-968540508925}.Release|Any CPU.ActiveCfg = Release|Any CPU
		{60A823A9-F9DE-4EA4-8FFD-968540508925}.Release|Any CPU.Build.0 = Release|Any CPU
		{0E8D8CCD-5E3F-475D-86A1-E9CBC3D2DEE8}.Debug|Any CPU.ActiveCfg = Debug|Any CPU
		{0E8D8CCD-5E3F-475D-86A1-E9CBC3D2DEE8}.Debug|Any CPU.Build.0 = Debug|Any CPU
		{0E8D8CCD-5E3F-475D-86A1-E9CBC3D2DEE8}.Release|Any CPU.ActiveCfg = Release|Any CPU
		{0E8D8CCD-5E3F-475D-86A1-E9CBC3D2DEE8}.Release|Any CPU.Build.0 = Release|Any CPU
		{59892B12-011E-47D5-A90D-F3A441CE2A4F}.Debug|Any CPU.ActiveCfg = Debug|Any CPU
		{59892B12-011E-47D5-A90D-F3A441CE2A4F}.Debug|Any CPU.Build.0 = Debug|Any CPU
		{59892B12-011E-47D5-A90D-F3A441CE2A4F}.Release|Any CPU.ActiveCfg = Release|Any CPU
		{59892B12-011E-47D5-A90D-F3A441CE2A4F}.Release|Any CPU.Build.0 = Release|Any CPU
		{D5841DB2-2CF4-43E9-AE87-E0399A314EFF}.Debug|Any CPU.ActiveCfg = Debug|Any CPU
		{D5841DB2-2CF4-43E9-AE87-E0399A314EFF}.Debug|Any CPU.Build.0 = Debug|Any CPU
		{D5841DB2-2CF4-43E9-AE87-E0399A314EFF}.Release|Any CPU.ActiveCfg = Release|Any CPU
		{D5841DB2-2CF4-43E9-AE87-E0399A314EFF}.Release|Any CPU.Build.0 = Release|Any CPU
		{07D3D0B8-DCB3-4E72-8643-D0C2DA666115}.Debug|Any CPU.ActiveCfg = Debug|Any CPU
		{07D3D0B8-DCB3-4E72-8643-D0C2DA666115}.Debug|Any CPU.Build.0 = Debug|Any CPU
		{07D3D0B8-DCB3-4E72-8643-D0C2DA666115}.Release|Any CPU.ActiveCfg = Release|Any CPU
		{07D3D0B8-DCB3-4E72-8643-D0C2DA666115}.Release|Any CPU.Build.0 = Release|Any CPU
	EndGlobalSection
	GlobalSection(SolutionProperties) = preSolution
		HideSolutionNode = FALSE
	EndGlobalSection
	GlobalSection(ExtensibilityGlobals) = postSolution
		SolutionGuid = {D5AE25E9-D03B-455C-BD98-BE54A347402C}
	EndGlobalSection
EndGlobal
